
Microsoft Visual Studio Solution File, Format Version 12.00
# Visual Studio 15
VisualStudioVersion = 15.0.27703.2042
MinimumVisualStudioVersion = 10.0.40219.1
Project("{9A19103F-16F7-4668-BE54-9A1E7A4F7556}") = "Yahoo.Yui.Compressor.MsBuild", "src\Yahoo.Yui.Compressor.MsBuild\Yahoo.Yui.Compressor.MsBuild.csproj", "{FC51E4A2-EB87-462D-8945-92DD5A4F4624}"
EndProject
Project("{9A19103F-16F7-4668-BE54-9A1E7A4F7556}") = "Yahoo.Yui.Compressor.MsBuild.Tests", "tests\Yahoo.Yui.Compressor.MsBuild.Tests\Yahoo.Yui.Compressor.MsBuild.Tests.csproj", "{CEBF623F-AA1D-4694-988C-B9DDEC91F0A9}"
EndProject
Global
	GlobalSection(SolutionConfigurationPlatforms) = preSolution
		Debug|Any CPU = Debug|Any CPU
		Release|Any CPU = Release|Any CPU
	EndGlobalSection
	GlobalSection(ProjectConfigurationPlatforms) = postSolution
		{FC51E4A2-EB87-462D-8945-92DD5A4F4624}.Debug|Any CPU.ActiveCfg = Debug|Any CPU
		{FC51E4A2-EB87-462D-8945-92DD5A4F4624}.Debug|Any CPU.Build.0 = Debug|Any CPU
		{FC51E4A2-EB87-462D-8945-92DD5A4F4624}.Release|Any CPU.ActiveCfg = Release|Any CPU
		{FC51E4A2-EB87-462D-8945-92DD5A4F4624}.Release|Any CPU.Build.0 = Release|Any CPU
		{CEBF623F-AA1D-4694-988C-B9DDEC91F0A9}.Debug|Any CPU.ActiveCfg = Debug|Any CPU
		{CEBF623F-AA1D-4694-988C-B9DDEC91F0A9}.Debug|Any CPU.Build.0 = Debug|Any CPU
		{CEBF623F-AA1D-4694-988C-B9DDEC91F0A9}.Release|Any CPU.ActiveCfg = Release|Any CPU
		{CEBF623F-AA1D-4694-988C-B9DDEC91F0A9}.Release|Any CPU.Build.0 = Release|Any CPU
	EndGlobalSection
	GlobalSection(SolutionProperties) = preSolution
		HideSolutionNode = FALSE
	EndGlobalSection
	GlobalSection(ExtensibilityGlobals) = postSolution
		SolutionGuid = {244388D8-E74A-46E6-B529-C91A484327EE}
	EndGlobalSection
EndGlobal
